
Microsoft Visual Studio Solution File, Format Version 12.00
# Visual Studio Version 16
VisualStudioVersion = 16.0.29009.5
MinimumVisualStudioVersion = 10.0.40219.1
Project("{FAE04EC0-301F-11D3-BF4B-00C04F79EFBC}") = "piggybank.dal", "piggybank.dal\piggybank.dal.csproj", "{67F3F839-DD35-4D6E-9E93-2D767298A79B}"
EndProject
Project("{FAE04EC0-301F-11D3-BF4B-00C04F79EFBC}") = "pibbybank.site", "pibbybank.site\pibbybank.site.csproj", "{FF1724C7-2FC3-43F2-AC9A-5CA41954A6E4}"
EndProject
Project("{FAE04EC0-301F-11D3-BF4B-00C04F79EFBC}") = "piggybank.site.test", "piggybank.site.test\piggybank.site.test.csproj", "{1DE53B15-8A3D-4A68-B8D6-44573C6853E4}"
EndProject
Global
	GlobalSection(SolutionConfigurationPlatforms) = preSolution
		Debug|Any CPU = Debug|Any CPU
		Release|Any CPU = Release|Any CPU
	EndGlobalSection
	GlobalSection(ProjectConfigurationPlatforms) = postSolution
		{67F3F839-DD35-4D6E-9E93-2D767298A79B}.Debug|Any CPU.ActiveCfg = Debug|Any CPU
		{67F3F839-DD35-4D6E-9E93-2D767298A79B}.Debug|Any CPU.Build.0 = Debug|Any CPU
		{67F3F839-DD35-4D6E-9E93-2D767298A79B}.Release|Any CPU.ActiveCfg = Release|Any CPU
		{67F3F839-DD35-4D6E-9E93-2D767298A79B}.Release|Any CPU.Build.0 = Release|Any CPU
		{FF1724C7-2FC3-43F2-AC9A-5CA41954A6E4}.Debug|Any CPU.ActiveCfg = Debug|Any CPU
		{FF1724C7-2FC3-43F2-AC9A-5CA41954A6E4}.Debug|Any CPU.Build.0 = Debug|Any CPU
		{FF1724C7-2FC3-43F2-AC9A-5CA41954A6E4}.Release|Any CPU.ActiveCfg = Release|Any CPU
		{FF1724C7-2FC3-43F2-AC9A-5CA41954A6E4}.Release|Any CPU.Build.0 = Release|Any CPU
		{1DE53B15-8A3D-4A68-B8D6-44573C6853E4}.Debug|Any CPU.ActiveCfg = Debug|Any CPU
		{1DE53B15-8A3D-4A68-B8D6-44573C6853E4}.Debug|Any CPU.Build.0 = Debug|Any CPU
		{1DE53B15-8A3D-4A68-B8D6-44573C6853E4}.Release|Any CPU.ActiveCfg = Release|Any CPU
		{1DE53B15-8A3D-4A68-B8D6-44573C6853E4}.Release|Any CPU.Build.0 = Release|Any CPU
	EndGlobalSection
	GlobalSection(SolutionProperties) = preSolution
		HideSolutionNode = FALSE
	EndGlobalSection
	GlobalSection(ExtensibilityGlobals) = postSolution
		SolutionGuid = {F169C55F-D3EF-4F53-BE09-2246BC7A222F}
	EndGlobalSection
EndGlobal
